
Microsoft Visual Studio Solution File, Format Version 12.00
# Visual Studio Version 17
VisualStudioVersion = 17.1.32228.430
MinimumVisualStudioVersion = 10.0.40219.1
Project("{9A19103F-16F7-4668-BE54-9A1E7A4F7556}") = "P1", "P1.csproj", "{9D950A36-D3B6-4C81-8590-F935E41B335B}"
EndProject
Project("{2150E333-8FDC-42A3-9474-1A3956D46DE8}") = "Solution Items", "Solution Items", "{AB9162D9-8E0C-4BC7-8A45-D39346B5D895}"
	ProjectSection(SolutionItems) = preProject
		.editorconfig = .editorconfig
	EndProjectSection
EndProject
Global
	GlobalSection(SolutionConfigurationPlatforms) = preSolution
		Debug|Any CPU = Debug|Any CPU
		Release|Any CPU = Release|Any CPU
	EndGlobalSection
	GlobalSection(ProjectConfigurationPlatforms) = postSolution
		{9D950A36-D3B6-4C81-8590-F935E41B335B}.Debug|Any CPU.ActiveCfg = Debug|Any CPU
		{9D950A36-D3B6-4C81-8590-F935E41B335B}.Debug|Any CPU.Build.0 = Debug|Any CPU
		{9D950A36-D3B6-4C81-8590-F935E41B335B}.Release|Any CPU.ActiveCfg = Release|Any CPU
		{9D950A36-D3B6-4C81-8590-F935E41B335B}.Release|Any CPU.Build.0 = Release|Any CPU
	EndGlobalSection
	GlobalSection(SolutionProperties) = preSolution
		HideSolutionNode = FALSE
	EndGlobalSection
	GlobalSection(ExtensibilityGlobals) = postSolution
		SolutionGuid = {4C2C5355-4A06-4402-B535-209D0E9B8279}
	EndGlobalSection
EndGlobal
